
Microsoft Visual Studio Solution File, Format Version 12.00
# Visual Studio 15
Project("{FAE04EC0-301F-11D3-BF4B-00C04F79EFBC}") = "Dylos Server", "Assembly-CSharp.csproj", "{62A107F1-8430-B532-BA48-9A6E6B6941EF}"
EndProject
Global
	GlobalSection(SolutionConfigurationPlatforms) = preSolution
		Debug|Any CPU = Debug|Any CPU
		Release|Any CPU = Release|Any CPU
	EndGlobalSection
	GlobalSection(ProjectConfigurationPlatforms) = postSolution
		{62A107F1-8430-B532-BA48-9A6E6B6941EF}.Debug|Any CPU.ActiveCfg = Debug|Any CPU
		{62A107F1-8430-B532-BA48-9A6E6B6941EF}.Debug|Any CPU.Build.0 = Debug|Any CPU
		{62A107F1-8430-B532-BA48-9A6E6B6941EF}.Release|Any CPU.ActiveCfg = Release|Any CPU
		{62A107F1-8430-B532-BA48-9A6E6B6941EF}.Release|Any CPU.Build.0 = Release|Any CPU
	EndGlobalSection
	GlobalSection(SolutionProperties) = preSolution
		HideSolutionNode = FALSE
	EndGlobalSection
EndGlobal
